
Microsoft Visual Studio Solution File, Format Version 12.00
# Visual Studio 15
VisualStudioVersion = 15.0.28307.645
MinimumVisualStudioVersion = 10.0.40219.1
Project("{FAE04EC0-301F-11D3-BF4B-00C04F79EFBC}") = "newEx3", "newEx3\newEx3.csproj", "{14817E0D-1CE7-411D-A3C2-C338EFA98D04}"
EndProject
Global
	GlobalSection(SolutionConfigurationPlatforms) = preSolution
		Debug|Any CPU = Debug|Any CPU
		Release|Any CPU = Release|Any CPU
	EndGlobalSection
	GlobalSection(ProjectConfigurationPlatforms) = postSolution
		{14817E0D-1CE7-411D-A3C2-C338EFA98D04}.Debug|Any CPU.ActiveCfg = Debug|Any CPU
		{14817E0D-1CE7-411D-A3C2-C338EFA98D04}.Debug|Any CPU.Build.0 = Debug|Any CPU
		{14817E0D-1CE7-411D-A3C2-C338EFA98D04}.Release|Any CPU.ActiveCfg = Release|Any CPU
		{14817E0D-1CE7-411D-A3C2-C338EFA98D04}.Release|Any CPU.Build.0 = Release|Any CPU
	EndGlobalSection
	GlobalSection(SolutionProperties) = preSolution
		HideSolutionNode = FALSE
	EndGlobalSection
	GlobalSection(ExtensibilityGlobals) = postSolution
		SolutionGuid = {DD69CBB2-B9D4-4367-ABB3-05E15EF693BD}
	EndGlobalSection
EndGlobal
